
Microsoft Visual Studio Solution File, Format Version 12.00
# Visual Studio Version 17
VisualStudioVersion = 17.0.31903.59
MinimumVisualStudioVersion = 10.0.40219.1
Project("{9A19103F-16F7-4668-BE54-9A1E7A4F7556}") = "Telegram.Domain", "Telegram.Domain\Telegram.Domain.csproj", "{3E3C1B4E-D474-47E7-8031-9A2F125036FE}"
EndProject
Project("{9A19103F-16F7-4668-BE54-9A1E7A4F7556}") = "Telegram.Shell", "Telegram.Shell\Telegram.Shell.csproj", "{1479E886-74F5-4EEF-9FDA-3194093E5DE9}"
EndProject
Global
	GlobalSection(SolutionConfigurationPlatforms) = preSolution
		Debug|Any CPU = Debug|Any CPU
		Release|Any CPU = Release|Any CPU
	EndGlobalSection
	GlobalSection(ProjectConfigurationPlatforms) = postSolution
		{3E3C1B4E-D474-47E7-8031-9A2F125036FE}.Debug|Any CPU.ActiveCfg = Debug|Any CPU
		{3E3C1B4E-D474-47E7-8031-9A2F125036FE}.Debug|Any CPU.Build.0 = Debug|Any CPU
		{3E3C1B4E-D474-47E7-8031-9A2F125036FE}.Release|Any CPU.ActiveCfg = Release|Any CPU
		{3E3C1B4E-D474-47E7-8031-9A2F125036FE}.Release|Any CPU.Build.0 = Release|Any CPU
		{1479E886-74F5-4EEF-9FDA-3194093E5DE9}.Debug|Any CPU.ActiveCfg = Debug|Any CPU
		{1479E886-74F5-4EEF-9FDA-3194093E5DE9}.Debug|Any CPU.Build.0 = Debug|Any CPU
		{1479E886-74F5-4EEF-9FDA-3194093E5DE9}.Release|Any CPU.ActiveCfg = Release|Any CPU
		{1479E886-74F5-4EEF-9FDA-3194093E5DE9}.Release|Any CPU.Build.0 = Release|Any CPU
	EndGlobalSection
	GlobalSection(SolutionProperties) = preSolution
		HideSolutionNode = FALSE
	EndGlobalSection
EndGlobal
